
Microsoft Visual Studio Solution File, Format Version 12.00
# Visual Studio 15
VisualStudioVersion = 15.0.28010.2016
MinimumVisualStudioVersion = 10.0.40219.1
Project("{FAE04EC0-301F-11D3-BF4B-00C04F79EFBC}") = "01_Value_Types", "01_Value_Types\01_Value_Types.csproj", "{1DFB4B5A-779A-4119-A654-A396DD5FB07D}"
EndProject
Global
	GlobalSection(SolutionConfigurationPlatforms) = preSolution
		Debug|Any CPU = Debug|Any CPU
		Release|Any CPU = Release|Any CPU
	EndGlobalSection
	GlobalSection(ProjectConfigurationPlatforms) = postSolution
		{1DFB4B5A-779A-4119-A654-A396DD5FB07D}.Debug|Any CPU.ActiveCfg = Debug|Any CPU
		{1DFB4B5A-779A-4119-A654-A396DD5FB07D}.Debug|Any CPU.Build.0 = Debug|Any CPU
		{1DFB4B5A-779A-4119-A654-A396DD5FB07D}.Release|Any CPU.ActiveCfg = Release|Any CPU
		{1DFB4B5A-779A-4119-A654-A396DD5FB07D}.Release|Any CPU.Build.0 = Release|Any CPU
	EndGlobalSection
	GlobalSection(SolutionProperties) = preSolution
		HideSolutionNode = FALSE
	EndGlobalSection
	GlobalSection(ExtensibilityGlobals) = postSolution
		SolutionGuid = {ECD45F85-2B1E-4411-ABF0-0429800C152D}
	EndGlobalSection
EndGlobal
