
Microsoft Visual Studio Solution File, Format Version 12.00
# Visual Studio 15
VisualStudioVersion = 15.0.28010.2016
MinimumVisualStudioVersion = 10.0.40219.1
Project("{FAE04EC0-301F-11D3-BF4B-00C04F79EFBC}") = "01_Value_Types", "01_Value_Types\01_Value_Types.csproj", "{1DFB4B5A-779A-4119-A654-A396DD5FB07D}"
EndProject
Project("{FAE04EC0-301F-11D3-BF4B-00C04F79EFBC}") = "01_Value_Types_Buisness_Problem", "01_Value_Types_Buisness_Problem\01_Value_Types_Buisness_Problem.csproj", "{C86B9E23-EC55-4FD5-9408-8914302103CD}"
EndProject
Project("{FAE04EC0-301F-11D3-BF4B-00C04F79EFBC}") = "02_Reference_Types", "02_Reference_Types\02_Reference_Types.csproj", "{533ECEF4-4E05-4C5E-8ABE-65DD4F60C954}"
EndProject
Project("{FAE04EC0-301F-11D3-BF4B-00C04F79EFBC}") = "02_Reference_Types_Unit_Tests", "02_Reference_Types_Unit_Tests\02_Reference_Types_Unit_Tests.csproj", "{41C06CCF-F91B-4C3F-8632-F0469D0E7410}"
EndProject
Project("{FAE04EC0-301F-11D3-BF4B-00C04F79EFBC}") = "03_Defining_Classes_1", "03_Defining_Classes_1\03_Defining_Classes_1.csproj", "{3A0F768B-9A62-4268-88A3-96CD905E0700}"
EndProject
Project("{FAE04EC0-301F-11D3-BF4B-00C04F79EFBC}") = "03_Defining_Classes_1_Unit_Tests", "03_Defining_Classes_1_Unit_Tests\03_Defining_Classes_1_Unit_Tests.csproj", "{FD8127CF-F6FE-4ADF-B965-D430F33E1F8E}"
EndProject
Project("{FAE04EC0-301F-11D3-BF4B-00C04F79EFBC}") = "Methods_And_Repos", "ConsoleApp1\Methods_And_Repos.csproj", "{0E32CA5F-1C22-4925-9240-144468655065}"
EndProject
Project("{FAE04EC0-301F-11D3-BF4B-00C04F79EFBC}") = "04_Employee_Repository", "04_Employee_Repository\04_Employee_Repository.csproj", "{EC73B081-4B78-4173-8CC1-744254BEAEFC}"
EndProject
Project("{FAE04EC0-301F-11D3-BF4B-00C04F79EFBC}") = "04_Employee_UI", "04_Employee_UI\04_Employee_UI.csproj", "{B149162C-2312-4880-AA2A-9039DDF6BD8A}"
EndProject
Project("{FAE04EC0-301F-11D3-BF4B-00C04F79EFBC}") = "03_Defining_Classes_2", "03_Defining_Classes_2\03_Defining_Classes_2.csproj", "{F11CA977-7B10-4CDA-8AC7-7E1071829B11}"
EndProject
Project("{FAE04EC0-301F-11D3-BF4B-00C04F79EFBC}") = "03_Defining_Classes_2_UI", "03_Defining_Classes_2_UI\03_Defining_Classes_2_UI.csproj", "{F44FA529-61BB-463D-B1A2-062E7D03EADC}"
EndProject
Global
	GlobalSection(SolutionConfigurationPlatforms) = preSolution
		Debug|Any CPU = Debug|Any CPU
		Release|Any CPU = Release|Any CPU
	EndGlobalSection
	GlobalSection(ProjectConfigurationPlatforms) = postSolution
		{1DFB4B5A-779A-4119-A654-A396DD5FB07D}.Debug|Any CPU.ActiveCfg = Debug|Any CPU
		{1DFB4B5A-779A-4119-A654-A396DD5FB07D}.Debug|Any CPU.Build.0 = Debug|Any CPU
		{1DFB4B5A-779A-4119-A654-A396DD5FB07D}.Release|Any CPU.ActiveCfg = Release|Any CPU
		{1DFB4B5A-779A-4119-A654-A396DD5FB07D}.Release|Any CPU.Build.0 = Release|Any CPU
		{C86B9E23-EC55-4FD5-9408-8914302103CD}.Debug|Any CPU.ActiveCfg = Debug|Any CPU
		{C86B9E23-EC55-4FD5-9408-8914302103CD}.Debug|Any CPU.Build.0 = Debug|Any CPU
		{C86B9E23-EC55-4FD5-9408-8914302103CD}.Release|Any CPU.ActiveCfg = Release|Any CPU
		{C86B9E23-EC55-4FD5-9408-8914302103CD}.Release|Any CPU.Build.0 = Release|Any CPU
		{533ECEF4-4E05-4C5E-8ABE-65DD4F60C954}.Debug|Any CPU.ActiveCfg = Debug|Any CPU
		{533ECEF4-4E05-4C5E-8ABE-65DD4F60C954}.Debug|Any CPU.Build.0 = Debug|Any CPU
		{533ECEF4-4E05-4C5E-8ABE-65DD4F60C954}.Release|Any CPU.ActiveCfg = Release|Any CPU
		{533ECEF4-4E05-4C5E-8ABE-65DD4F60C954}.Release|Any CPU.Build.0 = Release|Any CPU
		{41C06CCF-F91B-4C3F-8632-F0469D0E7410}.Debug|Any CPU.ActiveCfg = Debug|Any CPU
		{41C06CCF-F91B-4C3F-8632-F0469D0E7410}.Debug|Any CPU.Build.0 = Debug|Any CPU
		{41C06CCF-F91B-4C3F-8632-F0469D0E7410}.Release|Any CPU.ActiveCfg = Release|Any CPU
		{41C06CCF-F91B-4C3F-8632-F0469D0E7410}.Release|Any CPU.Build.0 = Release|Any CPU
		{3A0F768B-9A62-4268-88A3-96CD905E0700}.Debug|Any CPU.ActiveCfg = Debug|Any CPU
		{3A0F768B-9A62-4268-88A3-96CD905E0700}.Debug|Any CPU.Build.0 = Debug|Any CPU
		{3A0F768B-9A62-4268-88A3-96CD905E0700}.Release|Any CPU.ActiveCfg = Release|Any CPU
		{3A0F768B-9A62-4268-88A3-96CD905E0700}.Release|Any CPU.Build.0 = Release|Any CPU
		{FD8127CF-F6FE-4ADF-B965-D430F33E1F8E}.Debug|Any CPU.ActiveCfg = Debug|Any CPU
		{FD8127CF-F6FE-4ADF-B965-D430F33E1F8E}.Debug|Any CPU.Build.0 = Debug|Any CPU
		{FD8127CF-F6FE-4ADF-B965-D430F33E1F8E}.Release|Any CPU.ActiveCfg = Release|Any CPU
		{FD8127CF-F6FE-4ADF-B965-D430F33E1F8E}.Release|Any CPU.Build.0 = Release|Any CPU
		{0E32CA5F-1C22-4925-9240-144468655065}.Debug|Any CPU.ActiveCfg = Debug|Any CPU
		{0E32CA5F-1C22-4925-9240-144468655065}.Debug|Any CPU.Build.0 = Debug|Any CPU
		{0E32CA5F-1C22-4925-9240-144468655065}.Release|Any CPU.ActiveCfg = Release|Any CPU
		{0E32CA5F-1C22-4925-9240-144468655065}.Release|Any CPU.Build.0 = Release|Any CPU
		{EC73B081-4B78-4173-8CC1-744254BEAEFC}.Debug|Any CPU.ActiveCfg = Debug|Any CPU
		{EC73B081-4B78-4173-8CC1-744254BEAEFC}.Debug|Any CPU.Build.0 = Debug|Any CPU
		{EC73B081-4B78-4173-8CC1-744254BEAEFC}.Release|Any CPU.ActiveCfg = Release|Any CPU
		{EC73B081-4B78-4173-8CC1-744254BEAEFC}.Release|Any CPU.Build.0 = Release|Any CPU
		{B149162C-2312-4880-AA2A-9039DDF6BD8A}.Debug|Any CPU.ActiveCfg = Debug|Any CPU
		{B149162C-2312-4880-AA2A-9039DDF6BD8A}.Debug|Any CPU.Build.0 = Debug|Any CPU
		{B149162C-2312-4880-AA2A-9039DDF6BD8A}.Release|Any CPU.ActiveCfg = Release|Any CPU
		{B149162C-2312-4880-AA2A-9039DDF6BD8A}.Release|Any CPU.Build.0 = Release|Any CPU
		{F11CA977-7B10-4CDA-8AC7-7E1071829B11}.Debug|Any CPU.ActiveCfg = Debug|Any CPU
		{F11CA977-7B10-4CDA-8AC7-7E1071829B11}.Debug|Any CPU.Build.0 = Debug|Any CPU
		{F11CA977-7B10-4CDA-8AC7-7E1071829B11}.Release|Any CPU.ActiveCfg = Release|Any CPU
		{F11CA977-7B10-4CDA-8AC7-7E1071829B11}.Release|Any CPU.Build.0 = Release|Any CPU
		{F44FA529-61BB-463D-B1A2-062E7D03EADC}.Debug|Any CPU.ActiveCfg = Debug|Any CPU
		{F44FA529-61BB-463D-B1A2-062E7D03EADC}.Debug|Any CPU.Build.0 = Debug|Any CPU
		{F44FA529-61BB-463D-B1A2-062E7D03EADC}.Release|Any CPU.ActiveCfg = Release|Any CPU
		{F44FA529-61BB-463D-B1A2-062E7D03EADC}.Release|Any CPU.Build.0 = Release|Any CPU
	EndGlobalSection
	GlobalSection(SolutionProperties) = preSolution
		HideSolutionNode = FALSE
	EndGlobalSection
	GlobalSection(ExtensibilityGlobals) = postSolution
		SolutionGuid = {ECD45F85-2B1E-4411-ABF0-0429800C152D}
	EndGlobalSection
EndGlobal
